
Microsoft Visual Studio Solution File, Format Version 12.00
# Visual Studio Version 17
VisualStudioVersion = 17.9.34728.123
MinimumVisualStudioVersion = 10.0.40219.1
Project("{9A19103F-16F7-4668-BE54-9A1E7A4F7556}") = "StoreWPF", "StoreWPF.csproj", "{81AE921C-1DAE-4E65-912D-A764197642F9}"
EndProject
Project("{FAE04EC0-301F-11D3-BF4B-00C04F79EFBC}") = "DataBase", "..\DataBase\DataBase.csproj", "{A0C474F7-832E-4BEF-9629-5761ECA32156}"
EndProject
Global
	GlobalSection(SolutionConfigurationPlatforms) = preSolution
		Debug|Any CPU = Debug|Any CPU
		Release|Any CPU = Release|Any CPU
	EndGlobalSection
	GlobalSection(ProjectConfigurationPlatforms) = postSolution
		{81AE921C-1DAE-4E65-912D-A764197642F9}.Debug|Any CPU.ActiveCfg = Debug|Any CPU
		{81AE921C-1DAE-4E65-912D-A764197642F9}.Debug|Any CPU.Build.0 = Debug|Any CPU
		{81AE921C-1DAE-4E65-912D-A764197642F9}.Release|Any CPU.ActiveCfg = Release|Any CPU
		{81AE921C-1DAE-4E65-912D-A764197642F9}.Release|Any CPU.Build.0 = Release|Any CPU
		{A0C474F7-832E-4BEF-9629-5761ECA32156}.Debug|Any CPU.ActiveCfg = Debug|Any CPU
		{A0C474F7-832E-4BEF-9629-5761ECA32156}.Debug|Any CPU.Build.0 = Debug|Any CPU
		{A0C474F7-832E-4BEF-9629-5761ECA32156}.Release|Any CPU.ActiveCfg = Release|Any CPU
		{A0C474F7-832E-4BEF-9629-5761ECA32156}.Release|Any CPU.Build.0 = Release|Any CPU
	EndGlobalSection
	GlobalSection(SolutionProperties) = preSolution
		HideSolutionNode = FALSE
	EndGlobalSection
	GlobalSection(ExtensibilityGlobals) = postSolution
		SolutionGuid = {D4B58448-1C81-4B46-BB41-FE51092A4587}
	EndGlobalSection
EndGlobal
